{
  "version": 4,
  "terraform_version": "1.3.4",
  "serial": 19,
  "lineage": "21a419cb-47a0-d962-efb4-99fca4ae9e52",
  "outputs": {},
  "resources": [
    {
      "mode": "managed",
      "type": "digitalocean_vpc",
      "name": "web_vpc",
      "provider": "provider[\"registry.terraform.io/digitalocean/digitalocean\"]",
      "instances": [
        {
          "schema_version": 0,
          "attributes": {
            "created_at": "2022-11-03 02:23:33 +0000 UTC",
            "default": true,
            "description": "",
            "id": "7408a36e-c9c2-45dd-ae96-1bb2e57c3d76",
            "ip_range": "10.124.0.0/20",
            "name": "4640-labs",
            "region": "sfo3",
            "timeouts": null,
            "urn": "do:vpc:7408a36e-c9c2-45dd-ae96-1bb2e57c3d76"
          },
          "sensitive_attributes": [],
          "private": "eyJlMmJmYjczMC1lY2FhLTExZTYtOGY4OC0zNDM2M2JjN2M0YzAiOnsiZGVsZXRlIjoxMjAwMDAwMDAwMDB9fQ=="
        }
      ]
    }
  ],
  "check_results": null
}
